
Microsoft Visual Studio Solution File, Format Version 12.00
# Visual Studio Version 17
VisualStudioVersion = 17.7.34221.43
MinimumVisualStudioVersion = 10.0.40219.1
Project("{FAE04EC0-301F-11D3-BF4B-00C04F79EFBC}") = "Floweeers", "Floweeers\Floweeers.csproj", "{F50310E7-FBD9-4950-BBD7-1427BB90D5E4}"
EndProject
Global
	GlobalSection(SolutionConfigurationPlatforms) = preSolution
		Debug|Any CPU = Debug|Any CPU
		Release|Any CPU = Release|Any CPU
	EndGlobalSection
	GlobalSection(ProjectConfigurationPlatforms) = postSolution
		{F50310E7-FBD9-4950-BBD7-1427BB90D5E4}.Debug|Any CPU.ActiveCfg = Debug|Any CPU
		{F50310E7-FBD9-4950-BBD7-1427BB90D5E4}.Debug|Any CPU.Build.0 = Debug|Any CPU
		{F50310E7-FBD9-4950-BBD7-1427BB90D5E4}.Release|Any CPU.ActiveCfg = Release|Any CPU
		{F50310E7-FBD9-4950-BBD7-1427BB90D5E4}.Release|Any CPU.Build.0 = Release|Any CPU
	EndGlobalSection
	GlobalSection(SolutionProperties) = preSolution
		HideSolutionNode = FALSE
	EndGlobalSection
	GlobalSection(ExtensibilityGlobals) = postSolution
		SolutionGuid = {1905081D-5C19-4A5E-A297-AE30891EDE8D}
	EndGlobalSection
EndGlobal
